
Microsoft Visual Studio Solution File, Format Version 12.00
# Visual Studio 15
VisualStudioVersion = 15.0.28010.2026
MinimumVisualStudioVersion = 10.0.40219.1
Project("{FAE04EC0-301F-11D3-BF4B-00C04F79EFBC}") = "MoviesInfo.Android", "MoviesInfo\MoviesInfo.Android\MoviesInfo.Android.csproj", "{7F944509-753E-46BF-9CF7-1E8917097212}"
EndProject
Project("{FAE04EC0-301F-11D3-BF4B-00C04F79EFBC}") = "MoviesInfo.iOS", "MoviesInfo\MoviesInfo.iOS\MoviesInfo.iOS.csproj", "{1A763E03-93C8-48F1-80EC-BA89B3AFD837}"
EndProject
Project("{FAE04EC0-301F-11D3-BF4B-00C04F79EFBC}") = "MoviesInfo", "MoviesInfo\MoviesInfo\MoviesInfo.csproj", "{ECEDD97A-577C-4B65-8393-6E7104D99662}"
EndProject
Global
	GlobalSection(SolutionConfigurationPlatforms) = preSolution
		Ad-Hoc|Any CPU = Ad-Hoc|Any CPU
		Ad-Hoc|iPhone = Ad-Hoc|iPhone
		Ad-Hoc|iPhoneSimulator = Ad-Hoc|iPhoneSimulator
		AppStore|Any CPU = AppStore|Any CPU
		AppStore|iPhone = AppStore|iPhone
		AppStore|iPhoneSimulator = AppStore|iPhoneSimulator
		Debug|Any CPU = Debug|Any CPU
		Debug|iPhone = Debug|iPhone
		Debug|iPhoneSimulator = Debug|iPhoneSimulator
		Release|Any CPU = Release|Any CPU
		Release|iPhone = Release|iPhone
		Release|iPhoneSimulator = Release|iPhoneSimulator
	EndGlobalSection
	GlobalSection(ProjectConfigurationPlatforms) = postSolution
		{7F944509-753E-46BF-9CF7-1E8917097212}.Ad-Hoc|Any CPU.ActiveCfg = Release|Any CPU
		{7F944509-753E-46BF-9CF7-1E8917097212}.Ad-Hoc|Any CPU.Build.0 = Release|Any CPU
		{7F944509-753E-46BF-9CF7-1E8917097212}.Ad-Hoc|Any CPU.Deploy.0 = Release|Any CPU
		{7F944509-753E-46BF-9CF7-1E8917097212}.Ad-Hoc|iPhone.ActiveCfg = Release|Any CPU
		{7F944509-753E-46BF-9CF7-1E8917097212}.Ad-Hoc|iPhone.Build.0 = Release|Any CPU
		{7F944509-753E-46BF-9CF7-1E8917097212}.Ad-Hoc|iPhone.Deploy.0 = Release|Any CPU
		{7F944509-753E-46BF-9CF7-1E8917097212}.Ad-Hoc|iPhoneSimulator.ActiveCfg = Release|Any CPU
		{7F944509-753E-46BF-9CF7-1E8917097212}.Ad-Hoc|iPhoneSimulator.Build.0 = Release|Any CPU
		{7F944509-753E-46BF-9CF7-1E8917097212}.Ad-Hoc|iPhoneSimulator.Deploy.0 = Release|Any CPU
		{7F944509-753E-46BF-9CF7-1E8917097212}.AppStore|Any CPU.ActiveCfg = Release|Any CPU
		{7F944509-753E-46BF-9CF7-1E8917097212}.AppStore|Any CPU.Build.0 = Release|Any CPU
		{7F944509-753E-46BF-9CF7-1E8917097212}.AppStore|Any CPU.Deploy.0 = Release|Any CPU
		{7F944509-753E-46BF-9CF7-1E8917097212}.AppStore|iPhone.ActiveCfg = Release|Any CPU
		{7F944509-753E-46BF-9CF7-1E8917097212}.AppStore|iPhone.Build.0 = Release|Any CPU
		{7F944509-753E-46BF-9CF7-1E8917097212}.AppStore|iPhone.Deploy.0 = Release|Any CPU
		{7F944509-753E-46BF-9CF7-1E8917097212}.AppStore|iPhoneSimulator.ActiveCfg = Release|Any CPU
		{7F944509-753E-46BF-9CF7-1E8917097212}.AppStore|iPhoneSimulator.Build.0 = Release|Any CPU
		{7F944509-753E-46BF-9CF7-1E8917097212}.AppStore|iPhoneSimulator.Deploy.0 = Release|Any CPU
		{7F944509-753E-46BF-9CF7-1E8917097212}.Debug|Any CPU.ActiveCfg = Debug|Any CPU
		{7F944509-753E-46BF-9CF7-1E8917097212}.Debug|Any CPU.Build.0 = Debug|Any CPU
		{7F944509-753E-46BF-9CF7-1E8917097212}.Debug|Any CPU.Deploy.0 = Debug|Any CPU
		{7F944509-753E-46BF-9CF7-1E8917097212}.Debug|iPhone.ActiveCfg = Debug|Any CPU
		{7F944509-753E-46BF-9CF7-1E8917097212}.Debug|iPhone.Build.0 = Debug|Any CPU
		{7F944509-753E-46BF-9CF7-1E8917097212}.Debug|iPhone.Deploy.0 = Debug|Any CPU
		{7F944509-753E-46BF-9CF7-1E8917097212}.Debug|iPhoneSimulator.ActiveCfg = Debug|Any CPU
		{7F944509-753E-46BF-9CF7-1E8917097212}.Debug|iPhoneSimulator.Build.0 = Debug|Any CPU
		{7F944509-753E-46BF-9CF7-1E8917097212}.Debug|iPhoneSimulator.Deploy.0 = Debug|Any CPU
		{7F944509-753E-46BF-9CF7-1E8917097212}.Release|Any CPU.ActiveCfg = Release|Any CPU
		{7F944509-753E-46BF-9CF7-1E8917097212}.Release|Any CPU.Build.0 = Release|Any CPU
		{7F944509-753E-46BF-9CF7-1E8917097212}.Release|Any CPU.Deploy.0 = Release|Any CPU
		{7F944509-753E-46BF-9CF7-1E8917097212}.Release|iPhone.ActiveCfg = Release|Any CPU
		{7F944509-753E-46BF-9CF7-1E8917097212}.Release|iPhone.Build.0 = Release|Any CPU
		{7F944509-753E-46BF-9CF7-1E8917097212}.Release|iPhone.Deploy.0 = Release|Any CPU
		{7F944509-753E-46BF-9CF7-1E8917097212}.Release|iPhoneSimulator.ActiveCfg = Release|Any CPU
		{7F944509-753E-46BF-9CF7-1E8917097212}.Release|iPhoneSimulator.Build.0 = Release|Any CPU
		{7F944509-753E-46BF-9CF7-1E8917097212}.Release|iPhoneSimulator.Deploy.0 = Release|Any CPU
		{1A763E03-93C8-48F1-80EC-BA89B3AFD837}.Ad-Hoc|Any CPU.ActiveCfg = Ad-Hoc|iPhone
		{1A763E03-93C8-48F1-80EC-BA89B3AFD837}.Ad-Hoc|Any CPU.Build.0 = Ad-Hoc|iPhone
		{1A763E03-93C8-48F1-80EC-BA89B3AFD837}.Ad-Hoc|Any CPU.Deploy.0 = Ad-Hoc|iPhone
		{1A763E03-93C8-48F1-80EC-BA89B3AFD837}.Ad-Hoc|iPhone.ActiveCfg = Ad-Hoc|iPhone
		{1A763E03-93C8-48F1-80EC-BA89B3AFD837}.Ad-Hoc|iPhone.Build.0 = Ad-Hoc|iPhone
		{1A763E03-93C8-48F1-80EC-BA89B3AFD837}.Ad-Hoc|iPhone.Deploy.0 = Ad-Hoc|iPhone
		{1A763E03-93C8-48F1-80EC-BA89B3AFD837}.Ad-Hoc|iPhoneSimulator.ActiveCfg = Ad-Hoc|iPhoneSimulator
		{1A763E03-93C8-48F1-80EC-BA89B3AFD837}.Ad-Hoc|iPhoneSimulator.Build.0 = Ad-Hoc|iPhoneSimulator
		{1A763E03-93C8-48F1-80EC-BA89B3AFD837}.Ad-Hoc|iPhoneSimulator.Deploy.0 = Ad-Hoc|iPhoneSimulator
		{1A763E03-93C8-48F1-80EC-BA89B3AFD837}.AppStore|Any CPU.ActiveCfg = AppStore|iPhone
		{1A763E03-93C8-48F1-80EC-BA89B3AFD837}.AppStore|Any CPU.Build.0 = AppStore|iPhone
		{1A763E03-93C8-48F1-80EC-BA89B3AFD837}.AppStore|Any CPU.Deploy.0 = AppStore|iPhone
		{1A763E03-93C8-48F1-80EC-BA89B3AFD837}.AppStore|iPhone.ActiveCfg = AppStore|iPhone
		{1A763E03-93C8-48F1-80EC-BA89B3AFD837}.AppStore|iPhone.Build.0 = AppStore|iPhone
		{1A763E03-93C8-48F1-80EC-BA89B3AFD837}.AppStore|iPhone.Deploy.0 = AppStore|iPhone
		{1A763E03-93C8-48F1-80EC-BA89B3AFD837}.AppStore|iPhoneSimulator.ActiveCfg = AppStore|iPhoneSimulator
		{1A763E03-93C8-48F1-80EC-BA89B3AFD837}.AppStore|iPhoneSimulator.Build.0 = AppStore|iPhoneSimulator
		{1A763E03-93C8-48F1-80EC-BA89B3AFD837}.AppStore|iPhoneSimulator.Deploy.0 = AppStore|iPhoneSimulator
		{1A763E03-93C8-48F1-80EC-BA89B3AFD837}.Debug|Any CPU.ActiveCfg = Debug|iPhoneSimulator
		{1A763E03-93C8-48F1-80EC-BA89B3AFD837}.Debug|Any CPU.Build.0 = Debug|iPhoneSimulator
		{1A763E03-93C8-48F1-80EC-BA89B3AFD837}.Debug|Any CPU.Deploy.0 = Debug|iPhoneSimulator
		{1A763E03-93C8-48F1-80EC-BA89B3AFD837}.Debug|iPhone.ActiveCfg = Debug|iPhone
		{1A763E03-93C8-48F1-80EC-BA89B3AFD837}.Debug|iPhone.Build.0 = Debug|iPhone
		{1A763E03-93C8-48F1-80EC-BA89B3AFD837}.Debug|iPhone.Deploy.0 = Debug|iPhone
		{1A763E03-93C8-48F1-80EC-BA89B3AFD837}.Debug|iPhoneSimulator.ActiveCfg = Debug|iPhoneSimulator
		{1A763E03-93C8-48F1-80EC-BA89B3AFD837}.Debug|iPhoneSimulator.Build.0 = Debug|iPhoneSimulator
		{1A763E03-93C8-48F1-80EC-BA89B3AFD837}.Debug|iPhoneSimulator.Deploy.0 = Debug|iPhoneSimulator
		{1A763E03-93C8-48F1-80EC-BA89B3AFD837}.Release|Any CPU.ActiveCfg = Release|iPhone
		{1A763E03-93C8-48F1-80EC-BA89B3AFD837}.Release|Any CPU.Build.0 = Release|iPhone
		{1A763E03-93C8-48F1-80EC-BA89B3AFD837}.Release|Any CPU.Deploy.0 = Release|iPhone
		{1A763E03-93C8-48F1-80EC-BA89B3AFD837}.Release|iPhone.ActiveCfg = Release|iPhone
		{1A763E03-93C8-48F1-80EC-BA89B3AFD837}.Release|iPhone.Build.0 = Release|iPhone
		{1A763E03-93C8-48F1-80EC-BA89B3AFD837}.Release|iPhone.Deploy.0 = Release|iPhone
		{1A763E03-93C8-48F1-80EC-BA89B3AFD837}.Release|iPhoneSimulator.ActiveCfg = Release|iPhoneSimulator
		{1A763E03-93C8-48F1-80EC-BA89B3AFD837}.Release|iPhoneSimulator.Build.0 = Release|iPhoneSimulator
		{1A763E03-93C8-48F1-80EC-BA89B3AFD837}.Release|iPhoneSimulator.Deploy.0 = Release|iPhoneSimulator
		{ECEDD97A-577C-4B65-8393-6E7104D99662}.Ad-Hoc|Any CPU.ActiveCfg = Debug|Any CPU
		{ECEDD97A-577C-4B65-8393-6E7104D99662}.Ad-Hoc|Any CPU.Build.0 = Debug|Any CPU
		{ECEDD97A-577C-4B65-8393-6E7104D99662}.Ad-Hoc|Any CPU.Deploy.0 = Debug|Any CPU
		{ECEDD97A-577C-4B65-8393-6E7104D99662}.Ad-Hoc|iPhone.ActiveCfg = Debug|Any CPU
		{ECEDD97A-577C-4B65-8393-6E7104D99662}.Ad-Hoc|iPhone.Build.0 = Debug|Any CPU
		{ECEDD97A-577C-4B65-8393-6E7104D99662}.Ad-Hoc|iPhone.Deploy.0 = Debug|Any CPU
		{ECEDD97A-577C-4B65-8393-6E7104D99662}.Ad-Hoc|iPhoneSimulator.ActiveCfg = Debug|Any CPU
		{ECEDD97A-577C-4B65-8393-6E7104D99662}.Ad-Hoc|iPhoneSimulator.Build.0 = Debug|Any CPU
		{ECEDD97A-577C-4B65-8393-6E7104D99662}.Ad-Hoc|iPhoneSimulator.Deploy.0 = Debug|Any CPU
		{ECEDD97A-577C-4B65-8393-6E7104D99662}.AppStore|Any CPU.ActiveCfg = Debug|Any CPU
		{ECEDD97A-577C-4B65-8393-6E7104D99662}.AppStore|Any CPU.Build.0 = Debug|Any CPU
		{ECEDD97A-577C-4B65-8393-6E7104D99662}.AppStore|Any CPU.Deploy.0 = Debug|Any CPU
		{ECEDD97A-577C-4B65-8393-6E7104D99662}.AppStore|iPhone.ActiveCfg = Debug|Any CPU
		{ECEDD97A-577C-4B65-8393-6E7104D99662}.AppStore|iPhone.Build.0 = Debug|Any CPU
		{ECEDD97A-577C-4B65-8393-6E7104D99662}.AppStore|iPhone.Deploy.0 = Debug|Any CPU
		{ECEDD97A-577C-4B65-8393-6E7104D99662}.AppStore|iPhoneSimulator.ActiveCfg = Debug|Any CPU
		{ECEDD97A-577C-4B65-8393-6E7104D99662}.AppStore|iPhoneSimulator.Build.0 = Debug|Any CPU
		{ECEDD97A-577C-4B65-8393-6E7104D99662}.AppStore|iPhoneSimulator.Deploy.0 = Debug|Any CPU
		{ECEDD97A-577C-4B65-8393-6E7104D99662}.Debug|Any CPU.ActiveCfg = Debug|Any CPU
		{ECEDD97A-577C-4B65-8393-6E7104D99662}.Debug|Any CPU.Build.0 = Debug|Any CPU
		{ECEDD97A-577C-4B65-8393-6E7104D99662}.Debug|Any CPU.Deploy.0 = Debug|Any CPU
		{ECEDD97A-577C-4B65-8393-6E7104D99662}.Debug|iPhone.ActiveCfg = Debug|Any CPU
		{ECEDD97A-577C-4B65-8393-6E7104D99662}.Debug|iPhone.Build.0 = Debug|Any CPU
		{ECEDD97A-577C-4B65-8393-6E7104D99662}.Debug|iPhone.Deploy.0 = Debug|Any CPU
		{ECEDD97A-577C-4B65-8393-6E7104D99662}.Debug|iPhoneSimulator.ActiveCfg = Debug|Any CPU
		{ECEDD97A-577C-4B65-8393-6E7104D99662}.Debug|iPhoneSimulator.Build.0 = Debug|Any CPU
		{ECEDD97A-577C-4B65-8393-6E7104D99662}.Debug|iPhoneSimulator.Deploy.0 = Debug|Any CPU
		{ECEDD97A-577C-4B65-8393-6E7104D99662}.Release|Any CPU.ActiveCfg = Release|Any CPU
		{ECEDD97A-577C-4B65-8393-6E7104D99662}.Release|Any CPU.Build.0 = Release|Any CPU
		{ECEDD97A-577C-4B65-8393-6E7104D99662}.Release|Any CPU.Deploy.0 = Release|Any CPU
		{ECEDD97A-577C-4B65-8393-6E7104D99662}.Release|iPhone.ActiveCfg = Release|Any CPU
		{ECEDD97A-577C-4B65-8393-6E7104D99662}.Release|iPhone.Build.0 = Release|Any CPU
		{ECEDD97A-577C-4B65-8393-6E7104D99662}.Release|iPhone.Deploy.0 = Release|Any CPU
		{ECEDD97A-577C-4B65-8393-6E7104D99662}.Release|iPhoneSimulator.ActiveCfg = Release|Any CPU
		{ECEDD97A-577C-4B65-8393-6E7104D99662}.Release|iPhoneSimulator.Build.0 = Release|Any CPU
		{ECEDD97A-577C-4B65-8393-6E7104D99662}.Release|iPhoneSimulator.Deploy.0 = Release|Any CPU
	EndGlobalSection
	GlobalSection(SolutionProperties) = preSolution
		HideSolutionNode = FALSE
	EndGlobalSection
	GlobalSection(ExtensibilityGlobals) = postSolution
		SolutionGuid = {24D8A6A2-6841-4258-84AA-4D28034D1635}
	EndGlobalSection
EndGlobal
